
Microsoft Visual Studio Solution File, Format Version 12.00
# Visual Studio Version 16
VisualStudioVersion = 16.0.35931.194
MinimumVisualStudioVersion = 10.0.40219.1
Project("{FAE04EC0-301F-11D3-BF4B-00C04F79EFBC}") = "SzereloWPF", "SzereloWPF\SzereloWPF.csproj", "{BF5B768F-A44C-474F-9CED-F11F6DFA4AF7}"
EndProject
Global
	GlobalSection(SolutionConfigurationPlatforms) = preSolution
		Debug|Any CPU = Debug|Any CPU
		Release|Any CPU = Release|Any CPU
	EndGlobalSection
	GlobalSection(ProjectConfigurationPlatforms) = postSolution
		{BF5B768F-A44C-474F-9CED-F11F6DFA4AF7}.Debug|Any CPU.ActiveCfg = Debug|Any CPU
		{BF5B768F-A44C-474F-9CED-F11F6DFA4AF7}.Debug|Any CPU.Build.0 = Debug|Any CPU
		{BF5B768F-A44C-474F-9CED-F11F6DFA4AF7}.Release|Any CPU.ActiveCfg = Release|Any CPU
		{BF5B768F-A44C-474F-9CED-F11F6DFA4AF7}.Release|Any CPU.Build.0 = Release|Any CPU
	EndGlobalSection
	GlobalSection(SolutionProperties) = preSolution
		HideSolutionNode = FALSE
	EndGlobalSection
	GlobalSection(ExtensibilityGlobals) = postSolution
		SolutionGuid = {FE81301E-CFCF-45F3-967A-098A729AB89C}
	EndGlobalSection
EndGlobal
